// !$*UTF8*$!
{
	archiveVersion = 1;
	classes = {
	};
	objectVersion = 51;
	objects = {

/* Begin PBXBuildFile section */
		00F57442A12F157799E1187D /* Pods_Forecaster.framework in Frameworks */ = {isa = PBXBuildFile; fileRef = 464B39008D32F34762918AF0 /* Pods_Forecaster.framework */; };
		AC14184522F2D607002758DD /* AppDelegate.swift in Sources */ = {isa = PBXBuildFile; fileRef = AC14184422F2D607002758DD /* AppDelegate.swift */; };
		AC14184A22F2D607002758DD /* Main.storyboard in Resources */ = {isa = PBXBuildFile; fileRef = AC14184822F2D607002758DD /* Main.storyboard */; };
		AC14184C22F2D609002758DD /* Assets.xcassets in Resources */ = {isa = PBXBuildFile; fileRef = AC14184B22F2D609002758DD /* Assets.xcassets */; };
		AC14184F22F2D609002758DD /* LaunchScreen.storyboard in Resources */ = {isa = PBXBuildFile; fileRef = AC14184D22F2D609002758DD /* LaunchScreen.storyboard */; };
		AC14186222F2E85E002758DD /* WeatherManager.swift in Sources */ = {isa = PBXBuildFile; fileRef = AC14185622F2E85E002758DD /* WeatherManager.swift */; };
		AC14186322F2E85E002758DD /* APIError.swift in Sources */ = {isa = PBXBuildFile; fileRef = AC14185822F2E85E002758DD /* APIError.swift */; };
		AC14186422F2E85E002758DD /* WebError.swift in Sources */ = {isa = PBXBuildFile; fileRef = AC14185922F2E85E002758DD /* WebError.swift */; };
		AC14186522F2E85E002758DD /* Result.swift in Sources */ = {isa = PBXBuildFile; fileRef = AC14185A22F2E85E002758DD /* Result.swift */; };
		AC14186622F2E85E002758DD /* RequestBuilder.swift in Sources */ = {isa = PBXBuildFile; fileRef = AC14185B22F2E85E002758DD /* RequestBuilder.swift */; };
		AC14186722F2E85E002758DD /* Resource.swift in Sources */ = {isa = PBXBuildFile; fileRef = AC14185C22F2E85E002758DD /* Resource.swift */; };
		AC14186822F2E85E002758DD /* Reachability.swift in Sources */ = {isa = PBXBuildFile; fileRef = AC14185D22F2E85E002758DD /* Reachability.swift */; };
		AC14186922F2E85E002758DD /* Path.swift in Sources */ = {isa = PBXBuildFile; fileRef = AC14185E22F2E85E002758DD /* Path.swift */; };
		AC14186A22F2E85E002758DD /* HTTPMethods.swift in Sources */ = {isa = PBXBuildFile; fileRef = AC14185F22F2E85E002758DD /* HTTPMethods.swift */; };
		AC14186B22F2E85E002758DD /* Client.swift in Sources */ = {isa = PBXBuildFile; fileRef = AC14186022F2E85E002758DD /* Client.swift */; };
		AC14186C22F2E85E002758DD /* CustomError.swift in Sources */ = {isa = PBXBuildFile; fileRef = AC14186122F2E85E002758DD /* CustomError.swift */; };
		AC14186E22F2E947002758DD /* URL+Utils.swift in Sources */ = {isa = PBXBuildFile; fileRef = AC14186D22F2E947002758DD /* URL+Utils.swift */; };
		AC14187022F2E975002758DD /* CurrentWeather.swift in Sources */ = {isa = PBXBuildFile; fileRef = AC14186F22F2E975002758DD /* CurrentWeather.swift */; };
		AC14187422F313E4002758DD /* Forecast.swift in Sources */ = {isa = PBXBuildFile; fileRef = AC14187322F313E4002758DD /* Forecast.swift */; };
		AC14187622F408DB002758DD /* TextBasedWeatherVC.swift in Sources */ = {isa = PBXBuildFile; fileRef = AC14187522F408DB002758DD /* TextBasedWeatherVC.swift */; };
		AC14187822F40A0A002758DD /* MapBasedWeatherVC.swift in Sources */ = {isa = PBXBuildFile; fileRef = AC14187722F40A0A002758DD /* MapBasedWeatherVC.swift */; };
		AC14187C22F40FF1002758DD /* LocationVC.swift in Sources */ = {isa = PBXBuildFile; fileRef = AC14187B22F40FF1002758DD /* LocationVC.swift */; };
		AC14187E22F415B9002758DD /* MapPin.swift in Sources */ = {isa = PBXBuildFile; fileRef = AC14187D22F415B9002758DD /* MapPin.swift */; };
		AC14188022F42819002758DD /* MapBasedWeatherResultVC.swift in Sources */ = {isa = PBXBuildFile; fileRef = AC14187F22F42819002758DD /* MapBasedWeatherResultVC.swift */; };
		AC14188222F43238002758DD /* UIImageView+Utils.swift in Sources */ = {isa = PBXBuildFile; fileRef = AC14188122F43238002758DD /* UIImageView+Utils.swift */; };
		AC14188422F45530002758DD /* Double+Utils.swift in Sources */ = {isa = PBXBuildFile; fileRef = AC14188322F45530002758DD /* Double+Utils.swift */; };
		AC14188B22F4C6A9002758DD /* TextBasedWeatherDetailVC.swift in Sources */ = {isa = PBXBuildFile; fileRef = AC14188A22F4C6A9002758DD /* TextBasedWeatherDetailVC.swift */; };
		AC14188D22F4D015002758DD /* HistoryVC.swift in Sources */ = {isa = PBXBuildFile; fileRef = AC14188C22F4D015002758DD /* HistoryVC.swift */; };
		AC14188F22F5526A002758DD /* String+Utils.swift in Sources */ = {isa = PBXBuildFile; fileRef = AC14188E22F5526A002758DD /* String+Utils.swift */; };
		AC14189322F6A5C0002758DD /* Int+Utils.swift in Sources */ = {isa = PBXBuildFile; fileRef = AC14189222F6A5C0002758DD /* Int+Utils.swift */; };
		AC14189622F6CD90002758DD /* CustomForecastCollectionViewCell.swift in Sources */ = {isa = PBXBuildFile; fileRef = AC14189422F6CD90002758DD /* CustomForecastCollectionViewCell.swift */; };
		AC14189722F6CD90002758DD /* CustomForecastCollectionViewCell.xib in Resources */ = {isa = PBXBuildFile; fileRef = AC14189522F6CD90002758DD /* CustomForecastCollectionViewCell.xib */; };
		AC14189D22F6E90C002758DD /* OneDayForecastTableViewCell.swift in Sources */ = {isa = PBXBuildFile; fileRef = AC14189B22F6E90C002758DD /* OneDayForecastTableViewCell.swift */; };
		AC14189E22F6E90C002758DD /* OneDayForecastTableViewCell.xib in Resources */ = {isa = PBXBuildFile; fileRef = AC14189C22F6E90C002758DD /* OneDayForecastTableViewCell.xib */; };
		AC1418A122F6EAB1002758DD /* CustomForecastTableviewCell.swift in Sources */ = {isa = PBXBuildFile; fileRef = AC14189F22F6EAB1002758DD /* CustomForecastTableviewCell.swift */; };
		AC1418A222F6EAB1002758DD /* CustomForecastTableviewCell.xib in Resources */ = {isa = PBXBuildFile; fileRef = AC1418A022F6EAB1002758DD /* CustomForecastTableviewCell.xib */; };
		AC1418A622F6F985002758DD /* FiveDaysForecastTableViewCell.swift in Sources */ = {isa = PBXBuildFile; fileRef = AC1418A422F6F985002758DD /* FiveDaysForecastTableViewCell.swift */; };
		AC1418A722F6F985002758DD /* FiveDaysForecastTableViewCell.xib in Resources */ = {isa = PBXBuildFile; fileRef = AC1418A522F6F985002758DD /* FiveDaysForecastTableViewCell.xib */; };
		AC1418AF22F70126002758DD /* CustomFiveDaysForecastTableViewCell.swift in Sources */ = {isa = PBXBuildFile; fileRef = AC1418AD22F70126002758DD /* CustomFiveDaysForecastTableViewCell.swift */; };
		AC1418B022F70126002758DD /* CustomFiveDaysForecastTableViewCell.xib in Resources */ = {isa = PBXBuildFile; fileRef = AC1418AE22F70126002758DD /* CustomFiveDaysForecastTableViewCell.xib */; };
		AC1418B322F7144E002758DD /* WeatherInfoContainerVC.swift in Sources */ = {isa = PBXBuildFile; fileRef = AC1418B222F7144E002758DD /* WeatherInfoContainerVC.swift */; };
/* End PBXBuildFile section */

/* Begin PBXFileReference section */
		464B39008D32F34762918AF0 /* Pods_Forecaster.framework */ = {isa = PBXFileReference; explicitFileType = wrapper.framework; includeInIndex = 0; path = Pods_Forecaster.framework; sourceTree = BUILT_PRODUCTS_DIR; };
		8D1635A32DFA2B9F4977CC8E /* Pods-Forecaster.debug.xcconfig */ = {isa = PBXFileReference; includeInIndex = 1; lastKnownFileType = text.xcconfig; name = "Pods-Forecaster.debug.xcconfig"; path = "Target Support Files/Pods-Forecaster/Pods-Forecaster.debug.xcconfig"; sourceTree = "<group>"; };
		A7F6103444562C3E6B81EFFD /* Pods-Forecaster.release.xcconfig */ = {isa = PBXFileReference; includeInIndex = 1; lastKnownFileType = text.xcconfig; name = "Pods-Forecaster.release.xcconfig"; path = "Target Support Files/Pods-Forecaster/Pods-Forecaster.release.xcconfig"; sourceTree = "<group>"; };
		AC14184122F2D607002758DD /* Forecaster.app */ = {isa = PBXFileReference; explicitFileType = wrapper.application; includeInIndex = 0; path = Forecaster.app; sourceTree = BUILT_PRODUCTS_DIR; };
		AC14184422F2D607002758DD /* AppDelegate.swift */ = {isa = PBXFileReference; lastKnownFileType = sourcecode.swift; path = AppDelegate.swift; sourceTree = "<group>"; };
		AC14184922F2D607002758DD /* Base */ = {isa = PBXFileReference; lastKnownFileType = file.storyboard; name = Base; path = Base.lproj/Main.storyboard; sourceTree = "<group>"; };
		AC14184B22F2D609002758DD /* Assets.xcassets */ = {isa = PBXFileReference; lastKnownFileType = folder.assetcatalog; path = Assets.xcassets; sourceTree = "<group>"; };
		AC14184E22F2D609002758DD /* Base */ = {isa = PBXFileReference; lastKnownFileType = file.storyboard; name = Base; path = Base.lproj/LaunchScreen.storyboard; sourceTree = "<group>"; };
		AC14185022F2D609002758DD /* Info.plist */ = {isa = PBXFileReference; lastKnownFileType = text.plist.xml; path = Info.plist; sourceTree = "<group>"; };
		AC14185622F2E85E002758DD /* WeatherManager.swift */ = {isa = PBXFileReference; fileEncoding = 4; lastKnownFileType = sourcecode.swift; path = WeatherManager.swift; sourceTree = "<group>"; };
		AC14185822F2E85E002758DD /* APIError.swift */ = {isa = PBXFileReference; fileEncoding = 4; lastKnownFileType = sourcecode.swift; path = APIError.swift; sourceTree = "<group>"; };
		AC14185922F2E85E002758DD /* WebError.swift */ = {isa = PBXFileReference; fileEncoding = 4; lastKnownFileType = sourcecode.swift; path = WebError.swift; sourceTree = "<group>"; };
		AC14185A22F2E85E002758DD /* Result.swift */ = {isa = PBXFileReference; fileEncoding = 4; lastKnownFileType = sourcecode.swift; path = Result.swift; sourceTree = "<group>"; };
		AC14185B22F2E85E002758DD /* RequestBuilder.swift */ = {isa = PBXFileReference; fileEncoding = 4; lastKnownFileType = sourcecode.swift; path = RequestBuilder.swift; sourceTree = "<group>"; };
		AC14185C22F2E85E002758DD /* Resource.swift */ = {isa = PBXFileReference; fileEncoding = 4; lastKnownFileType = sourcecode.swift; path = Resource.swift; sourceTree = "<group>"; };
		AC14185D22F2E85E002758DD /* Reachability.swift */ = {isa = PBXFileReference; fileEncoding = 4; lastKnownFileType = sourcecode.swift; path = Reachability.swift; sourceTree = "<group>"; };
		AC14185E22F2E85E002758DD /* Path.swift */ = {isa = PBXFileReference; fileEncoding = 4; lastKnownFileType = sourcecode.swift; path = Path.swift; sourceTree = "<group>"; };
		AC14185F22F2E85E002758DD /* HTTPMethods.swift */ = {isa = PBXFileReference; fileEncoding = 4; lastKnownFileType = sourcecode.swift; path = HTTPMethods.swift; sourceTree = "<group>"; };
		AC14186022F2E85E002758DD /* Client.swift */ = {isa = PBXFileReference; fileEncoding = 4; lastKnownFileType = sourcecode.swift; path = Client.swift; sourceTree = "<group>"; };
		AC14186122F2E85E002758DD /* CustomError.swift */ = {isa = PBXFileReference; fileEncoding = 4; lastKnownFileType = sourcecode.swift; path = CustomError.swift; sourceTree = "<group>"; };
		AC14186D22F2E947002758DD /* URL+Utils.swift */ = {isa = PBXFileReference; fileEncoding = 4; lastKnownFileType = sourcecode.swift; path = "URL+Utils.swift"; sourceTree = "<group>"; };
		AC14186F22F2E975002758DD /* CurrentWeather.swift */ = {isa = PBXFileReference; lastKnownFileType = sourcecode.swift; path = CurrentWeather.swift; sourceTree = "<group>"; };
		AC14187322F313E4002758DD /* Forecast.swift */ = {isa = PBXFileReference; lastKnownFileType = sourcecode.swift; path = Forecast.swift; sourceTree = "<group>"; };
		AC14187522F408DB002758DD /* TextBasedWeatherVC.swift */ = {isa = PBXFileReference; lastKnownFileType = sourcecode.swift; path = TextBasedWeatherVC.swift; sourceTree = "<group>"; };
		AC14187722F40A0A002758DD /* MapBasedWeatherVC.swift */ = {isa = PBXFileReference; lastKnownFileType = sourcecode.swift; path = MapBasedWeatherVC.swift; sourceTree = "<group>"; };
		AC14187B22F40FF1002758DD /* LocationVC.swift */ = {isa = PBXFileReference; lastKnownFileType = sourcecode.swift; path = LocationVC.swift; sourceTree = "<group>"; };
		AC14187D22F415B9002758DD /* MapPin.swift */ = {isa = PBXFileReference; lastKnownFileType = sourcecode.swift; path = MapPin.swift; sourceTree = "<group>"; };
		AC14187F22F42819002758DD /* MapBasedWeatherResultVC.swift */ = {isa = PBXFileReference; lastKnownFileType = sourcecode.swift; path = MapBasedWeatherResultVC.swift; sourceTree = "<group>"; };
		AC14188122F43238002758DD /* UIImageView+Utils.swift */ = {isa = PBXFileReference; fileEncoding = 4; lastKnownFileType = sourcecode.swift; path = "UIImageView+Utils.swift"; sourceTree = "<group>"; };
		AC14188322F45530002758DD /* Double+Utils.swift */ = {isa = PBXFileReference; lastKnownFileType = sourcecode.swift; path = "Double+Utils.swift"; sourceTree = "<group>"; };
		AC14188A22F4C6A9002758DD /* TextBasedWeatherDetailVC.swift */ = {isa = PBXFileReference; lastKnownFileType = sourcecode.swift; path = TextBasedWeatherDetailVC.swift; sourceTree = "<group>"; };
		AC14188C22F4D015002758DD /* HistoryVC.swift */ = {isa = PBXFileReference; lastKnownFileType = sourcecode.swift; path = HistoryVC.swift; sourceTree = "<group>"; };
		AC14188E22F5526A002758DD /* String+Utils.swift */ = {isa = PBXFileReference; lastKnownFileType = sourcecode.swift; path = "String+Utils.swift"; sourceTree = "<group>"; };
		AC14189222F6A5C0002758DD /* Int+Utils.swift */ = {isa = PBXFileReference; lastKnownFileType = sourcecode.swift; path = "Int+Utils.swift"; sourceTree = "<group>"; };
		AC14189422F6CD90002758DD /* CustomForecastCollectionViewCell.swift */ = {isa = PBXFileReference; lastKnownFileType = sourcecode.swift; path = CustomForecastCollectionViewCell.swift; sourceTree = "<group>"; };
		AC14189522F6CD90002758DD /* CustomForecastCollectionViewCell.xib */ = {isa = PBXFileReference; lastKnownFileType = file.xib; path = CustomForecastCollectionViewCell.xib; sourceTree = "<group>"; };
		AC14189B22F6E90C002758DD /* OneDayForecastTableViewCell.swift */ = {isa = PBXFileReference; lastKnownFileType = sourcecode.swift; path = OneDayForecastTableViewCell.swift; sourceTree = "<group>"; };
		AC14189C22F6E90C002758DD /* OneDayForecastTableViewCell.xib */ = {isa = PBXFileReference; lastKnownFileType = file.xib; path = OneDayForecastTableViewCell.xib; sourceTree = "<group>"; };
		AC14189F22F6EAB1002758DD /* CustomForecastTableviewCell.swift */ = {isa = PBXFileReference; lastKnownFileType = sourcecode.swift; path = CustomForecastTableviewCell.swift; sourceTree = "<group>"; };
		AC1418A022F6EAB1002758DD /* CustomForecastTableviewCell.xib */ = {isa = PBXFileReference; lastKnownFileType = file.xib; path = CustomForecastTableviewCell.xib; sourceTree = "<group>"; };
		AC1418A422F6F985002758DD /* FiveDaysForecastTableViewCell.swift */ = {isa = PBXFileReference; lastKnownFileType = sourcecode.swift; path = FiveDaysForecastTableViewCell.swift; sourceTree = "<group>"; };
		AC1418A522F6F985002758DD /* FiveDaysForecastTableViewCell.xib */ = {isa = PBXFileReference; lastKnownFileType = file.xib; path = FiveDaysForecastTableViewCell.xib; sourceTree = "<group>"; };
		AC1418AD22F70126002758DD /* CustomFiveDaysForecastTableViewCell.swift */ = {isa = PBXFileReference; lastKnownFileType = sourcecode.swift; path = CustomFiveDaysForecastTableViewCell.swift; sourceTree = "<group>"; };
		AC1418AE22F70126002758DD /* CustomFiveDaysForecastTableViewCell.xib */ = {isa = PBXFileReference; lastKnownFileType = file.xib; path = CustomFiveDaysForecastTableViewCell.xib; sourceTree = "<group>"; };
		AC1418B222F7144E002758DD /* WeatherInfoContainerVC.swift */ = {isa = PBXFileReference; lastKnownFileType = sourcecode.swift; path = WeatherInfoContainerVC.swift; sourceTree = "<group>"; };
/* End PBXFileReference section */

/* Begin PBXFrameworksBuildPhase section */
		AC14183E22F2D607002758DD /* Frameworks */ = {
			isa = PBXFrameworksBuildPhase;
			buildActionMask = 2147483647;
			files = (
				00F57442A12F157799E1187D /* Pods_Forecaster.framework in Frameworks */,
			);
			runOnlyForDeploymentPostprocessing = 0;
		};
/* End PBXFrameworksBuildPhase section */

/* Begin PBXGroup section */
		6524646271B1146F232324E1 /* Pods */ = {
			isa = PBXGroup;
			children = (
				8D1635A32DFA2B9F4977CC8E /* Pods-Forecaster.debug.xcconfig */,
				A7F6103444562C3E6B81EFFD /* Pods-Forecaster.release.xcconfig */,
			);
			path = Pods;
			sourceTree = "<group>";
		};
		AC14183822F2D607002758DD = {
			isa = PBXGroup;
			children = (
				AC14184322F2D607002758DD /* Forecaster */,
				AC14184222F2D607002758DD /* Products */,
				6524646271B1146F232324E1 /* Pods */,
				EE4FF1306A686FA3EDFF3489 /* Frameworks */,
			);
			sourceTree = "<group>";
		};
		AC14184222F2D607002758DD /* Products */ = {
			isa = PBXGroup;
			children = (
				AC14184122F2D607002758DD /* Forecaster.app */,
			);
			name = Products;
			sourceTree = "<group>";
		};
		AC14184322F2D607002758DD /* Forecaster */ = {
			isa = PBXGroup;
			children = (
				AC14184422F2D607002758DD /* AppDelegate.swift */,
				AC14185722F2E85E002758DD /* Networking */,
				AC1418B422F755A5002758DD /* Managers */,
				AC14187222F30DF3002758DD /* Model */,
				AC14189A22F6CDC7002758DD /* View */,
				AC14187122F30DE0002758DD /* Utils */,
				AC14184822F2D607002758DD /* Main.storyboard */,
				AC14184B22F2D609002758DD /* Assets.xcassets */,
				AC14184D22F2D609002758DD /* LaunchScreen.storyboard */,
				AC14185022F2D609002758DD /* Info.plist */,
			);
			path = Forecaster;
			sourceTree = "<group>";
		};
		AC14185722F2E85E002758DD /* Networking */ = {
			isa = PBXGroup;
			children = (
				AC14185822F2E85E002758DD /* APIError.swift */,
				AC14185922F2E85E002758DD /* WebError.swift */,
				AC14185A22F2E85E002758DD /* Result.swift */,
				AC14185B22F2E85E002758DD /* RequestBuilder.swift */,
				AC14185C22F2E85E002758DD /* Resource.swift */,
				AC14185D22F2E85E002758DD /* Reachability.swift */,
				AC14185E22F2E85E002758DD /* Path.swift */,
				AC14185F22F2E85E002758DD /* HTTPMethods.swift */,
				AC14186022F2E85E002758DD /* Client.swift */,
				AC14186122F2E85E002758DD /* CustomError.swift */,
			);
			path = Networking;
			sourceTree = "<group>";
		};
		AC14187122F30DE0002758DD /* Utils */ = {
			isa = PBXGroup;
			children = (
				AC14188E22F5526A002758DD /* String+Utils.swift */,
				AC14188322F45530002758DD /* Double+Utils.swift */,
				AC14189222F6A5C0002758DD /* Int+Utils.swift */,
				AC14188122F43238002758DD /* UIImageView+Utils.swift */,
				AC14186D22F2E947002758DD /* URL+Utils.swift */,
			);
			path = Utils;
			sourceTree = "<group>";
		};
		AC14187222F30DF3002758DD /* Model */ = {
			isa = PBXGroup;
			children = (
				AC14186F22F2E975002758DD /* CurrentWeather.swift */,
				AC14187322F313E4002758DD /* Forecast.swift */,
				AC14187D22F415B9002758DD /* MapPin.swift */,
			);
			path = Model;
			sourceTree = "<group>";
		};
		AC14189822F6CDA8002758DD /* Components */ = {
			isa = PBXGroup;
			children = (
				AC1418A322F6F923002758DD /* OneDayForecast */,
				AC1418B122F705A6002758DD /* MultipleDaysForecast */,
				AC14189422F6CD90002758DD /* CustomForecastCollectionViewCell.swift */,
				AC14189522F6CD90002758DD /* CustomForecastCollectionViewCell.xib */,
			);
			path = Components;
			sourceTree = "<group>";
		};
		AC14189922F6CDBA002758DD /* ViewControllers */ = {
			isa = PBXGroup;
			children = (
				AC14187522F408DB002758DD /* TextBasedWeatherVC.swift */,
				AC14188A22F4C6A9002758DD /* TextBasedWeatherDetailVC.swift */,
				AC14187722F40A0A002758DD /* MapBasedWeatherVC.swift */,
				AC14187F22F42819002758DD /* MapBasedWeatherResultVC.swift */,
				AC14187B22F40FF1002758DD /* LocationVC.swift */,
				AC14188C22F4D015002758DD /* HistoryVC.swift */,
				AC1418B222F7144E002758DD /* WeatherInfoContainerVC.swift */,
			);
			path = ViewControllers;
			sourceTree = "<group>";
		};
		AC14189A22F6CDC7002758DD /* View */ = {
			isa = PBXGroup;
			children = (
				AC14189922F6CDBA002758DD /* ViewControllers */,
				AC14189822F6CDA8002758DD /* Components */,
			);
			path = View;
			sourceTree = "<group>";
		};
		AC1418A322F6F923002758DD /* OneDayForecast */ = {
			isa = PBXGroup;
			children = (
				AC14189B22F6E90C002758DD /* OneDayForecastTableViewCell.swift */,
				AC14189C22F6E90C002758DD /* OneDayForecastTableViewCell.xib */,
				AC14189F22F6EAB1002758DD /* CustomForecastTableviewCell.swift */,
				AC1418A022F6EAB1002758DD /* CustomForecastTableviewCell.xib */,
			);
			path = OneDayForecast;
			sourceTree = "<group>";
		};
		AC1418B122F705A6002758DD /* MultipleDaysForecast */ = {
			isa = PBXGroup;
			children = (
				AC1418A422F6F985002758DD /* FiveDaysForecastTableViewCell.swift */,
				AC1418A522F6F985002758DD /* FiveDaysForecastTableViewCell.xib */,
				AC1418AD22F70126002758DD /* CustomFiveDaysForecastTableViewCell.swift */,
				AC1418AE22F70126002758DD /* CustomFiveDaysForecastTableViewCell.xib */,
			);
			path = MultipleDaysForecast;
			sourceTree = "<group>";
		};
		AC1418B422F755A5002758DD /* Managers */ = {
			isa = PBXGroup;
			children = (
				AC14185622F2E85E002758DD /* WeatherManager.swift */,
			);
			path = Managers;
			sourceTree = "<group>";
		};
		EE4FF1306A686FA3EDFF3489 /* Frameworks */ = {
			isa = PBXGroup;
			children = (
				464B39008D32F34762918AF0 /* Pods_Forecaster.framework */,
			);
			name = Frameworks;
			sourceTree = "<group>";
		};
/* End PBXGroup section */

/* Begin PBXNativeTarget section */
		AC14184022F2D607002758DD /* Forecaster */ = {
			isa = PBXNativeTarget;
			buildConfigurationList = AC14185322F2D609002758DD /* Build configuration list for PBXNativeTarget "Forecaster" */;
			buildPhases = (
				5BDF9281A800BE6A441BF47F /* [CP] Check Pods Manifest.lock */,
				AC14183D22F2D607002758DD /* Sources */,
				AC14183E22F2D607002758DD /* Frameworks */,
				AC14183F22F2D607002758DD /* Resources */,
				79B3299511337DACFF9C1F80 /* [CP] Embed Pods Frameworks */,
			);
			buildRules = (
			);
			dependencies = (
			);
			name = Forecaster;
			productName = Forecaster;
			productReference = AC14184122F2D607002758DD /* Forecaster.app */;
			productType = "com.apple.product-type.application";
		};
/* End PBXNativeTarget section */

/* Begin PBXProject section */
		AC14183922F2D607002758DD /* Project object */ = {
			isa = PBXProject;
			attributes = {
				LastSwiftUpdateCheck = 1030;
				LastUpgradeCheck = 1030;
				ORGANIZATIONNAME = "Vrana, Jozef";
				TargetAttributes = {
					AC14184022F2D607002758DD = {
						CreatedOnToolsVersion = 10.3;
					};
				};
			};
			buildConfigurationList = AC14183C22F2D607002758DD /* Build configuration list for PBXProject "Forecaster" */;
			compatibilityVersion = "Xcode 9.3";
			developmentRegion = en;
			hasScannedForEncodings = 0;
			knownRegions = (
				en,
				Base,
			);
			mainGroup = AC14183822F2D607002758DD;
			productRefGroup = AC14184222F2D607002758DD /* Products */;
			projectDirPath = "";
			projectRoot = "";
			targets = (
				AC14184022F2D607002758DD /* Forecaster */,
			);
		};
/* End PBXProject section */

/* Begin PBXResourcesBuildPhase section */
		AC14183F22F2D607002758DD /* Resources */ = {
			isa = PBXResourcesBuildPhase;
			buildActionMask = 2147483647;
			files = (
				AC1418B022F70126002758DD /* CustomFiveDaysForecastTableViewCell.xib in Resources */,
				AC14189E22F6E90C002758DD /* OneDayForecastTableViewCell.xib in Resources */,
				AC14184F22F2D609002758DD /* LaunchScreen.storyboard in Resources */,
				AC14184C22F2D609002758DD /* Assets.xcassets in Resources */,
				AC1418A722F6F985002758DD /* FiveDaysForecastTableViewCell.xib in Resources */,
				AC14189722F6CD90002758DD /* CustomForecastCollectionViewCell.xib in Resources */,
				AC14184A22F2D607002758DD /* Main.storyboard in Resources */,
				AC1418A222F6EAB1002758DD /* CustomForecastTableviewCell.xib in Resources */,
			);
			runOnlyForDeploymentPostprocessing = 0;
		};
/* End PBXResourcesBuildPhase section */

/* Begin PBXShellScriptBuildPhase section */
		5BDF9281A800BE6A441BF47F /* [CP] Check Pods Manifest.lock */ = {
			isa = PBXShellScriptBuildPhase;
			buildActionMask = 2147483647;
			files = (
			);
			inputFileListPaths = (
			);
			inputPaths = (
				"${PODS_PODFILE_DIR_PATH}/Podfile.lock",
				"${PODS_ROOT}/Manifest.lock",
			);
			name = "[CP] Check Pods Manifest.lock";
			outputFileListPaths = (
			);
			outputPaths = (
				"$(DERIVED_FILE_DIR)/Pods-Forecaster-checkManifestLockResult.txt",
			);
			runOnlyForDeploymentPostprocessing = 0;
			shellPath = /bin/sh;
			shellScript = "diff \"${PODS_PODFILE_DIR_PATH}/Podfile.lock\" \"${PODS_ROOT}/Manifest.lock\" > /dev/null\nif [ $? != 0 ] ; then\n    # print error to STDERR\n    echo \"error: The sandbox is not in sync with the Podfile.lock. Run 'pod install' or update your CocoaPods installation.\" >&2\n    exit 1\nfi\n# This output is used by Xcode 'outputs' to avoid re-running this script phase.\necho \"SUCCESS\" > \"${SCRIPT_OUTPUT_FILE_0}\"\n";
			showEnvVarsInLog = 0;
		};
		79B3299511337DACFF9C1F80 /* [CP] Embed Pods Frameworks */ = {
			isa = PBXShellScriptBuildPhase;
			buildActionMask = 2147483647;
			files = (
			);
			inputFileListPaths = (
				"${PODS_ROOT}/Target Support Files/Pods-Forecaster/Pods-Forecaster-frameworks-${CONFIGURATION}-input-files.xcfilelist",
			);
			name = "[CP] Embed Pods Frameworks";
			outputFileListPaths = (
				"${PODS_ROOT}/Target Support Files/Pods-Forecaster/Pods-Forecaster-frameworks-${CONFIGURATION}-output-files.xcfilelist",
			);
			runOnlyForDeploymentPostprocessing = 0;
			shellPath = /bin/sh;
			shellScript = "\"${PODS_ROOT}/Target Support Files/Pods-Forecaster/Pods-Forecaster-frameworks.sh\"\n";
			showEnvVarsInLog = 0;
		};
/* End PBXShellScriptBuildPhase section */

/* Begin PBXSourcesBuildPhase section */
		AC14183D22F2D607002758DD /* Sources */ = {
			isa = PBXSourcesBuildPhase;
			buildActionMask = 2147483647;
			files = (
				AC14187422F313E4002758DD /* Forecast.swift in Sources */,
				AC14186622F2E85E002758DD /* RequestBuilder.swift in Sources */,
				AC14189622F6CD90002758DD /* CustomForecastCollectionViewCell.swift in Sources */,
				AC14188222F43238002758DD /* UIImageView+Utils.swift in Sources */,
				AC14186722F2E85E002758DD /* Resource.swift in Sources */,
				AC14186C22F2E85E002758DD /* CustomError.swift in Sources */,
				AC14186B22F2E85E002758DD /* Client.swift in Sources */,
				AC1418A622F6F985002758DD /* FiveDaysForecastTableViewCell.swift in Sources */,
				AC14187022F2E975002758DD /* CurrentWeather.swift in Sources */,
				AC14186522F2E85E002758DD /* Result.swift in Sources */,
				AC14186222F2E85E002758DD /* WeatherManager.swift in Sources */,
				AC14188B22F4C6A9002758DD /* TextBasedWeatherDetailVC.swift in Sources */,
				AC14188022F42819002758DD /* MapBasedWeatherResultVC.swift in Sources */,
				AC14189322F6A5C0002758DD /* Int+Utils.swift in Sources */,
				AC14188422F45530002758DD /* Double+Utils.swift in Sources */,
				AC14187C22F40FF1002758DD /* LocationVC.swift in Sources */,
				AC14186422F2E85E002758DD /* WebError.swift in Sources */,
				AC14187622F408DB002758DD /* TextBasedWeatherVC.swift in Sources */,
				AC1418A122F6EAB1002758DD /* CustomForecastTableviewCell.swift in Sources */,
				AC14186822F2E85E002758DD /* Reachability.swift in Sources */,
				AC1418AF22F70126002758DD /* CustomFiveDaysForecastTableViewCell.swift in Sources */,
				AC14188F22F5526A002758DD /* String+Utils.swift in Sources */,
				AC14187822F40A0A002758DD /* MapBasedWeatherVC.swift in Sources */,
				AC14189D22F6E90C002758DD /* OneDayForecastTableViewCell.swift in Sources */,
				AC1418B322F7144E002758DD /* WeatherInfoContainerVC.swift in Sources */,
				AC14186322F2E85E002758DD /* APIError.swift in Sources */,
				AC14186922F2E85E002758DD /* Path.swift in Sources */,
				AC14187E22F415B9002758DD /* MapPin.swift in Sources */,
				AC14188D22F4D015002758DD /* HistoryVC.swift in Sources */,
				AC14186E22F2E947002758DD /* URL+Utils.swift in Sources */,
				AC14184522F2D607002758DD /* AppDelegate.swift in Sources */,
				AC14186A22F2E85E002758DD /* HTTPMethods.swift in Sources */,
			);
			runOnlyForDeploymentPostprocessing = 0;
		};
/* End PBXSourcesBuildPhase section */

/* Begin PBXVariantGroup section */
		AC14184822F2D607002758DD /* Main.storyboard */ = {
			isa = PBXVariantGroup;
			children = (
				AC14184922F2D607002758DD /* Base */,
			);
			name = Main.storyboard;
			sourceTree = "<group>";
		};
		AC14184D22F2D609002758DD /* LaunchScreen.storyboard */ = {
			isa = PBXVariantGroup;
			children = (
				AC14184E22F2D609002758DD /* Base */,
			);
			name = LaunchScreen.storyboard;
			sourceTree = "<group>";
		};
/* End PBXVariantGroup section */

/* Begin XCBuildConfiguration section */
		AC14185122F2D609002758DD /* Debug */ = {
			isa = XCBuildConfiguration;
			buildSettings = {
				ALWAYS_SEARCH_USER_PATHS = NO;
				CLANG_ANALYZER_NONNULL = YES;
				CLANG_ANALYZER_NUMBER_OBJECT_CONVERSION = YES_AGGRESSIVE;
				CLANG_CXX_LANGUAGE_STANDARD = "gnu++14";
				CLANG_CXX_LIBRARY = "libc++";
				CLANG_ENABLE_MODULES = YES;
				CLANG_ENABLE_OBJC_ARC = YES;
				CLANG_ENABLE_OBJC_WEAK = YES;
				CLANG_WARN_BLOCK_CAPTURE_AUTORELEASING = YES;
				CLANG_WARN_BOOL_CONVERSION = YES;
				CLANG_WARN_COMMA = YES;
				CLANG_WARN_CONSTANT_CONVERSION = YES;
				CLANG_WARN_DEPRECATED_OBJC_IMPLEMENTATIONS = YES;
				CLANG_WARN_DIRECT_OBJC_ISA_USAGE = YES_ERROR;
				CLANG_WARN_DOCUMENTATION_COMMENTS = YES;
				CLANG_WARN_EMPTY_BODY = YES;
				CLANG_WARN_ENUM_CONVERSION = YES;
				CLANG_WARN_INFINITE_RECURSION = YES;
				CLANG_WARN_INT_CONVERSION = YES;
				CLANG_WARN_NON_LITERAL_NULL_CONVERSION = YES;
				CLANG_WARN_OBJC_IMPLICIT_RETAIN_SELF = YES;
				CLANG_WARN_OBJC_LITERAL_CONVERSION = YES;
				CLANG_WARN_OBJC_ROOT_CLASS = YES_ERROR;
				CLANG_WARN_RANGE_LOOP_ANALYSIS = YES;
				CLANG_WARN_STRICT_PROTOTYPES = YES;
				CLANG_WARN_SUSPICIOUS_MOVE = YES;
				CLANG_WARN_UNGUARDED_AVAILABILITY = YES_AGGRESSIVE;
				CLANG_WARN_UNREACHABLE_CODE = YES;
				CLANG_WARN__DUPLICATE_METHOD_MATCH = YES;
				CODE_SIGN_IDENTITY = "iPhone Developer";
				COPY_PHASE_STRIP = NO;
				DEBUG_INFORMATION_FORMAT = dwarf;
				ENABLE_STRICT_OBJC_MSGSEND = YES;
				ENABLE_TESTABILITY = YES;
				GCC_C_LANGUAGE_STANDARD = gnu11;
				GCC_DYNAMIC_NO_PIC = NO;
				GCC_NO_COMMON_BLOCKS = YES;
				GCC_OPTIMIZATION_LEVEL = 0;
				GCC_PREPROCESSOR_DEFINITIONS = (
					"DEBUG=1",
					"$(inherited)",
				);
				GCC_WARN_64_TO_32_BIT_CONVERSION = YES;
				GCC_WARN_ABOUT_RETURN_TYPE = YES_ERROR;
				GCC_WARN_UNDECLARED_SELECTOR = YES;
				GCC_WARN_UNINITIALIZED_AUTOS = YES_AGGRESSIVE;
				GCC_WARN_UNUSED_FUNCTION = YES;
				GCC_WARN_UNUSED_VARIABLE = YES;
				IPHONEOS_DEPLOYMENT_TARGET = 12.4;
				MTL_ENABLE_DEBUG_INFO = INCLUDE_SOURCE;
				MTL_FAST_MATH = YES;
				ONLY_ACTIVE_ARCH = YES;
				SDKROOT = iphoneos;
				SWIFT_ACTIVE_COMPILATION_CONDITIONS = DEBUG;
				SWIFT_OPTIMIZATION_LEVEL = "-Onone";
			};
			name = Debug;
		};
		AC14185222F2D609002758DD /* Release */ = {
			isa = XCBuildConfiguration;
			buildSettings = {
				ALWAYS_SEARCH_USER_PATHS = NO;
				CLANG_ANALYZER_NONNULL = YES;
				CLANG_ANALYZER_NUMBER_OBJECT_CONVERSION = YES_AGGRESSIVE;
				CLANG_CXX_LANGUAGE_STANDARD = "gnu++14";
				CLANG_CXX_LIBRARY = "libc++";
				CLANG_ENABLE_MODULES = YES;
				CLANG_ENABLE_OBJC_ARC = YES;
				CLANG_ENABLE_OBJC_WEAK = YES;
				CLANG_WARN_BLOCK_CAPTURE_AUTORELEASING = YES;
				CLANG_WARN_BOOL_CONVERSION = YES;
				CLANG_WARN_COMMA = YES;
				CLANG_WARN_CONSTANT_CONVERSION = YES;
				CLANG_WARN_DEPRECATED_OBJC_IMPLEMENTATIONS = YES;
				CLANG_WARN_DIRECT_OBJC_ISA_USAGE = YES_ERROR;
				CLANG_WARN_DOCUMENTATION_COMMENTS = YES;
				CLANG_WARN_EMPTY_BODY = YES;
				CLANG_WARN_ENUM_CONVERSION = YES;
				CLANG_WARN_INFINITE_RECURSION = YES;
				CLANG_WARN_INT_CONVERSION = YES;
				CLANG_WARN_NON_LITERAL_NULL_CONVERSION = YES;
				CLANG_WARN_OBJC_IMPLICIT_RETAIN_SELF = YES;
				CLANG_WARN_OBJC_LITERAL_CONVERSION = YES;
				CLANG_WARN_OBJC_ROOT_CLASS = YES_ERROR;
				CLANG_WARN_RANGE_LOOP_ANALYSIS = YES;
				CLANG_WARN_STRICT_PROTOTYPES = YES;
				CLANG_WARN_SUSPICIOUS_MOVE = YES;
				CLANG_WARN_UNGUARDED_AVAILABILITY = YES_AGGRESSIVE;
				CLANG_WARN_UNREACHABLE_CODE = YES;
				CLANG_WARN__DUPLICATE_METHOD_MATCH = YES;
				CODE_SIGN_IDENTITY = "iPhone Developer";
				COPY_PHASE_STRIP = NO;
				DEBUG_INFORMATION_FORMAT = "dwarf-with-dsym";
				ENABLE_NS_ASSERTIONS = NO;
				ENABLE_STRICT_OBJC_MSGSEND = YES;
				GCC_C_LANGUAGE_STANDARD = gnu11;
				GCC_NO_COMMON_BLOCKS = YES;
				GCC_WARN_64_TO_32_BIT_CONVERSION = YES;
				GCC_WARN_ABOUT_RETURN_TYPE = YES_ERROR;
				GCC_WARN_UNDECLARED_SELECTOR = YES;
				GCC_WARN_UNINITIALIZED_AUTOS = YES_AGGRESSIVE;
				GCC_WARN_UNUSED_FUNCTION = YES;
				GCC_WARN_UNUSED_VARIABLE = YES;
				IPHONEOS_DEPLOYMENT_TARGET = 12.4;
				MTL_ENABLE_DEBUG_INFO = NO;
				MTL_FAST_MATH = YES;
				SDKROOT = iphoneos;
				SWIFT_COMPILATION_MODE = wholemodule;
				SWIFT_OPTIMIZATION_LEVEL = "-O";
				VALIDATE_PRODUCT = YES;
			};
			name = Release;
		};
		AC14185422F2D609002758DD /* Debug */ = {
			isa = XCBuildConfiguration;
			baseConfigurationReference = 8D1635A32DFA2B9F4977CC8E /* Pods-Forecaster.debug.xcconfig */;
			buildSettings = {
				ASSETCATALOG_COMPILER_APPICON_NAME = AppIcon;
				CODE_SIGN_STYLE = Automatic;
				DEVELOPMENT_TEAM = C55QX942L5;
				INFOPLIST_FILE = Forecaster/Info.plist;
				LD_RUNPATH_SEARCH_PATHS = (
					"$(inherited)",
					"@executable_path/Frameworks",
				);
				PRODUCT_BUNDLE_IDENTIFIER = com.private.Forecaster;
				PRODUCT_NAME = "$(TARGET_NAME)";
				SWIFT_VERSION = 5.0;
				TARGETED_DEVICE_FAMILY = "1,2";
			};
			name = Debug;
		};
		AC14185522F2D609002758DD /* Release */ = {
			isa = XCBuildConfiguration;
			baseConfigurationReference = A7F6103444562C3E6B81EFFD /* Pods-Forecaster.release.xcconfig */;
			buildSettings = {
				ASSETCATALOG_COMPILER_APPICON_NAME = AppIcon;
				CODE_SIGN_STYLE = Automatic;
				DEVELOPMENT_TEAM = C55QX942L5;
				INFOPLIST_FILE = Forecaster/Info.plist;
				LD_RUNPATH_SEARCH_PATHS = (
					"$(inherited)",
					"@executable_path/Frameworks",
				);
				PRODUCT_BUNDLE_IDENTIFIER = com.private.Forecaster;
				PRODUCT_NAME = "$(TARGET_NAME)";
				SWIFT_VERSION = 5.0;
				TARGETED_DEVICE_FAMILY = "1,2";
			};
			name = Release;
		};
/* End XCBuildConfiguration section */

/* Begin XCConfigurationList section */
		AC14183C22F2D607002758DD /* Build configuration list for PBXProject "Forecaster" */ = {
			isa = XCConfigurationList;
			buildConfigurations = (
				AC14185122F2D609002758DD /* Debug */,
				AC14185222F2D609002758DD /* Release */,
			);
			defaultConfigurationIsVisible = 0;
			defaultConfigurationName = Release;
		};
		AC14185322F2D609002758DD /* Build configuration list for PBXNativeTarget "Forecaster" */ = {
			isa = XCConfigurationList;
			buildConfigurations = (
				AC14185422F2D609002758DD /* Debug */,
				AC14185522F2D609002758DD /* Release */,
			);
			defaultConfigurationIsVisible = 0;
			defaultConfigurationName = Release;
		};
/* End XCConfigurationList section */
	};
	rootObject = AC14183922F2D607002758DD /* Project object */;
}
